PODS:
  - Alamofire (4.4.0)
  - Argo (4.0.0):
    - Runes (>= 4.0.0)
  - CocoaAsyncSocket (7.6.0)
  - CocoaLumberjack (3.1.0):
    - CocoaLumberjack/Default (= 3.1.0)
    - CocoaLumberjack/Extensions (= 3.1.0)
  - CocoaLumberjack/Default (3.1.0)
  - CocoaLumberjack/Extensions (3.1.0):
    - CocoaLumberjack/Default
  - KissXML (5.2.0)
  - libidn (1.33)
  - Runes (4.0.1)
  - XMPPFramework (3.7.0):
    - CocoaAsyncSocket (~> 7.6.0)
    - CocoaLumberjack
    - KissXML (~> 5.2.0)
    - libidn (~> 1.33.0)

DEPENDENCIES:
  - Alamofire (= 4.4)
  - Argo (= 4.0)
  - XMPPFramework (from `https://github.com/robbiehanson/XMPPFramework.git`, branch `master`)

EXTERNAL SOURCES:
  XMPPFramework:
    :branch: master
    :git: https://github.com/robbiehanson/XMPPFramework.git

CHECKOUT OPTIONS:
  XMPPFramework:
    :commit: 29144ae76bc270ee43359ccf5c8c9258e1ce5665
    :git: https://github.com/robbiehanson/XMPPFramework.git

SPEC CHECKSUMS:
  Alamofire: dc44b1600b800eb63da6a19039a0083d62a6a62d
  Argo: e808d20ee2e95c4498276ca1812d75d3b0b00090
  CocoaAsyncSocket: b9d5589f07baf9de8f34cc25abd4fcba28f13805
  CocoaLumberjack: 8311463ddf9ee86a06ef92a071dd656c89244500
  KissXML: 1c1eeeb6b94e4522cd2f2373e5d0d03c9227738f
  libidn: 90fc1a62b60288dcf543f13f4ebca913f17d829f
  Runes: ff20f163b478ac2c0e18158d6086fd5b1997f983
  XMPPFramework: 164ed2ce99e3eb2f358e9f5ca5eeaa8d75339fde

PODFILE CHECKSUM: 44bab32c36e26c3f51d6491d715cd1de6865ebe0

COCOAPODS: 1.2.1
