// !$*UTF8*$!
{
	archiveVersion = 1;
	classes = {
	};
	objectVersion = 46;
	objects = {

/* Begin PBXBuildFile section */
		1241C6E91EB8641A0039D6B1 /* AppDelegate.swift in Sources */ = {isa = PBXBuildFile; fileRef = 1241C6E81EB8641A0039D6B1 /* AppDelegate.swift */; };
		1241C6EB1EB8641A0039D6B1 /* ViewController.swift in Sources */ = {isa = PBXBuildFile; fileRef = 1241C6EA1EB8641A0039D6B1 /* ViewController.swift */; };
		1241C6EE1EB8641B0039D6B1 /* Main.storyboard in Resources */ = {isa = PBXBuildFile; fileRef = 1241C6EC1EB8641B0039D6B1 /* Main.storyboard */; };
		1241C6F01EB8641B0039D6B1 /* Assets.xcassets in Resources */ = {isa = PBXBuildFile; fileRef = 1241C6EF1EB8641B0039D6B1 /* Assets.xcassets */; };
		1241C6F31EB8641B0039D6B1 /* LaunchScreen.storyboard in Resources */ = {isa = PBXBuildFile; fileRef = 1241C6F11EB8641B0039D6B1 /* LaunchScreen.storyboard */; };
		1241C6FE1EB8641B0039D6B1 /* VchatTests.swift in Sources */ = {isa = PBXBuildFile; fileRef = 1241C6FD1EB8641B0039D6B1 /* VchatTests.swift */; };
		1241C7091EB8641B0039D6B1 /* VchatUITests.swift in Sources */ = {isa = PBXBuildFile; fileRef = 1241C7081EB8641B0039D6B1 /* VchatUITests.swift */; };
/* End PBXBuildFile section */

/* Begin PBXContainerItemProxy section */
		1241C6FA1EB8641B0039D6B1 /* PBXContainerItemProxy */ = {
			isa = PBXContainerItemProxy;
			containerPortal = 1241C6DD1EB8641A0039D6B1 /* Project object */;
			proxyType = 1;
			remoteGlobalIDString = 1241C6E41EB8641A0039D6B1;
			remoteInfo = Vchat;
		};
		1241C7051EB8641B0039D6B1 /* PBXContainerItemProxy */ = {
			isa = PBXContainerItemProxy;
			containerPortal = 1241C6DD1EB8641A0039D6B1 /* Project object */;
			proxyType = 1;
			remoteGlobalIDString = 1241C6E41EB8641A0039D6B1;
			remoteInfo = Vchat;
		};
/* End PBXContainerItemProxy section */

/* Begin PBXFileReference section */
		1241C6E51EB8641A0039D6B1 /* Vchat.app */ = {isa = PBXFileReference; explicitFileType = wrapper.application; includeInIndex = 0; path = Vchat.app; sourceTree = BUILT_PRODUCTS_DIR; };
		1241C6E81EB8641A0039D6B1 /* AppDelegate.swift */ = {isa = PBXFileReference; lastKnownFileType = sourcecode.swift; path = AppDelegate.swift; sourceTree = "<group>"; };
		1241C6EA1EB8641A0039D6B1 /* ViewController.swift */ = {isa = PBXFileReference; lastKnownFileType = sourcecode.swift; path = ViewController.swift; sourceTree = "<group>"; };
		1241C6ED1EB8641B0039D6B1 /* Base */ = {isa = PBXFileReference; lastKnownFileType = file.storyboard; name = Base; path = Base.lproj/Main.storyboard; sourceTree = "<group>"; };
		1241C6EF1EB8641B0039D6B1 /* Assets.xcassets */ = {isa = PBXFileReference; lastKnownFileType = folder.assetcatalog; path = Assets.xcassets; sourceTree = "<group>"; };
		1241C6F21EB8641B0039D6B1 /* Base */ = {isa = PBXFileReference; lastKnownFileType = file.storyboard; name = Base; path = Base.lproj/LaunchScreen.storyboard; sourceTree = "<group>"; };
		1241C6F41EB8641B0039D6B1 /* Info.plist */ = {isa = PBXFileReference; lastKnownFileType = text.plist.xml; path = Info.plist; sourceTree = "<group>"; };
		1241C6F91EB8641B0039D6B1 /* VchatTests.xctest */ = {isa = PBXFileReference; explicitFileType = wrapper.cfbundle; includeInIndex = 0; path = VchatTests.xctest; sourceTree = BUILT_PRODUCTS_DIR; };
		1241C6FD1EB8641B0039D6B1 /* VchatTests.swift */ = {isa = PBXFileReference; lastKnownFileType = sourcecode.swift; path = VchatTests.swift; sourceTree = "<group>"; };
		1241C6FF1EB8641B0039D6B1 /* Info.plist */ = {isa = PBXFileReference; lastKnownFileType = text.plist.xml; path = Info.plist; sourceTree = "<group>"; };
		1241C7041EB8641B0039D6B1 /* VchatUITests.xctest */ = {isa = PBXFileReference; explicitFileType = wrapper.cfbundle; includeInIndex = 0; path = VchatUITests.xctest; sourceTree = BUILT_PRODUCTS_DIR; };
		1241C7081EB8641B0039D6B1 /* VchatUITests.swift */ = {isa = PBXFileReference; lastKnownFileType = sourcecode.swift; path = VchatUITests.swift; sourceTree = "<group>"; };
		1241C70A1EB8641B0039D6B1 /* Info.plist */ = {isa = PBXFileReference; lastKnownFileType = text.plist.xml; path = Info.plist; sourceTree = "<group>"; };
/* End PBXFileReference section */

/* Begin PBXFrameworksBuildPhase section */
		1241C6E21EB8641A0039D6B1 /* Frameworks */ = {
			isa = PBXFrameworksBuildPhase;
			buildActionMask = 2147483647;
			files = (
			);
			runOnlyForDeploymentPostprocessing = 0;
		};
		1241C6F61EB8641B0039D6B1 /* Frameworks */ = {
			isa = PBXFrameworksBuildPhase;
			buildActionMask = 2147483647;
			files = (
			);
			runOnlyForDeploymentPostprocessing = 0;
		};
		1241C7011EB8641B0039D6B1 /* Frameworks */ = {
			isa = PBXFrameworksBuildPhase;
			buildActionMask = 2147483647;
			files = (
			);
			runOnlyForDeploymentPostprocessing = 0;
		};
/* End PBXFrameworksBuildPhase section */

/* Begin PBXGroup section */
		1241C6DC1EB8641A0039D6B1 = {
			isa = PBXGroup;
			children = (
				1241C6E71EB8641A0039D6B1 /* Vchat */,
				1241C6FC1EB8641B0039D6B1 /* VchatTests */,
				1241C7071EB8641B0039D6B1 /* VchatUITests */,
				1241C6E61EB8641A0039D6B1 /* Products */,
			);
			sourceTree = "<group>";
		};
		1241C6E61EB8641A0039D6B1 /* Products */ = {
			isa = PBXGroup;
			children = (
				1241C6E51EB8641A0039D6B1 /* Vchat.app */,
				1241C6F91EB8641B0039D6B1 /* VchatTests.xctest */,
				1241C7041EB8641B0039D6B1 /* VchatUITests.xctest */,
			);
			name = Products;
			sourceTree = "<group>";
		};
		1241C6E71EB8641A0039D6B1 /* Vchat */ = {
			isa = PBXGroup;
			children = (
				1241C6E81EB8641A0039D6B1 /* AppDelegate.swift */,
				1241C6EA1EB8641A0039D6B1 /* ViewController.swift */,
				1241C6EC1EB8641B0039D6B1 /* Main.storyboard */,
				1241C6EF1EB8641B0039D6B1 /* Assets.xcassets */,
				1241C6F11EB8641B0039D6B1 /* LaunchScreen.storyboard */,
				1241C6F41EB8641B0039D6B1 /* Info.plist */,
			);
			path = Vchat;
			sourceTree = "<group>";
		};
		1241C6FC1EB8641B0039D6B1 /* VchatTests */ = {
			isa = PBXGroup;
			children = (
				1241C6FD1EB8641B0039D6B1 /* VchatTests.swift */,
				1241C6FF1EB8641B0039D6B1 /* Info.plist */,
			);
			path = VchatTests;
			sourceTree = "<group>";
		};
		1241C7071EB8641B0039D6B1 /* VchatUITests */ = {
			isa = PBXGroup;
			children = (
				1241C7081EB8641B0039D6B1 /* VchatUITests.swift */,
				1241C70A1EB8641B0039D6B1 /* Info.plist */,
			);
			path = VchatUITests;
			sourceTree = "<group>";
		};
/* End PBXGroup section */

/* Begin PBXNativeTarget section */
		1241C6E41EB8641A0039D6B1 /* Vchat */ = {
			isa = PBXNativeTarget;
			buildConfigurationList = 1241C70D1EB8641B0039D6B1 /* Build configuration list for PBXNativeTarget "Vchat" */;
			buildPhases = (
				1241C6E11EB8641A0039D6B1 /* Sources */,
				1241C6E21EB8641A0039D6B1 /* Frameworks */,
				1241C6E31EB8641A0039D6B1 /* Resources */,
			);
			buildRules = (
			);
			dependencies = (
			);
			name = Vchat;
			productName = Vchat;
			productReference = 1241C6E51EB8641A0039D6B1 /* Vchat.app */;
			productType = "com.apple.product-type.application";
		};
		1241C6F81EB8641B0039D6B1 /* VchatTests */ = {
			isa = PBXNativeTarget;
			buildConfigurationList = 1241C7101EB8641B0039D6B1 /* Build configuration list for PBXNativeTarget "VchatTests" */;
			buildPhases = (
				1241C6F51EB8641B0039D6B1 /* Sources */,
				1241C6F61EB8641B0039D6B1 /* Frameworks */,
				1241C6F71EB8641B0039D6B1 /* Resources */,
			);
			buildRules = (
			);
			dependencies = (
				1241C6FB1EB8641B0039D6B1 /* PBXTargetDependency */,
			);
			name = VchatTests;
			productName = VchatTests;
			productReference = 1241C6F91EB8641B0039D6B1 /* VchatTests.xctest */;
			productType = "com.apple.product-type.bundle.unit-test";
		};
		1241C7031EB8641B0039D6B1 /* VchatUITests */ = {
			isa = PBXNativeTarget;
			buildConfigurationList = 1241C7131EB8641B0039D6B1 /* Build configuration list for PBXNativeTarget "VchatUITests" */;
			buildPhases = (
				1241C7001EB8641B0039D6B1 /* Sources */,
				1241C7011EB8641B0039D6B1 /* Frameworks */,
				1241C7021EB8641B0039D6B1 /* Resources */,
			);
			buildRules = (
			);
			dependencies = (
				1241C7061EB8641B0039D6B1 /* PBXTargetDependency */,
			);
			name = VchatUITests;
			productName = VchatUITests;
			productReference = 1241C7041EB8641B0039D6B1 /* VchatUITests.xctest */;
			productType = "com.apple.product-type.bundle.ui-testing";
		};
/* End PBXNativeTarget section */

/* Begin PBXProject section */
		1241C6DD1EB8641A0039D6B1 /* Project object */ = {
			isa = PBXProject;
			attributes = {
				LastSwiftUpdateCheck = 0830;
				LastUpgradeCheck = 0830;
				ORGANIZATIONNAME = "ranjit singh";
				TargetAttributes = {
					1241C6E41EB8641A0039D6B1 = {
						CreatedOnToolsVersion = 8.3.2;
						DevelopmentTeam = KH88SR99FT;
						ProvisioningStyle = Automatic;
					};
					1241C6F81EB8641B0039D6B1 = {
						CreatedOnToolsVersion = 8.3.2;
						DevelopmentTeam = KH88SR99FT;
						ProvisioningStyle = Automatic;
						TestTargetID = 1241C6E41EB8641A0039D6B1;
					};
					1241C7031EB8641B0039D6B1 = {
						CreatedOnToolsVersion = 8.3.2;
						DevelopmentTeam = KH88SR99FT;
						ProvisioningStyle = Automatic;
						TestTargetID = 1241C6E41EB8641A0039D6B1;
					};
				};
			};
			buildConfigurationList = 1241C6E01EB8641A0039D6B1 /* Build configuration list for PBXProject "Vchat" */;
			compatibilityVersion = "Xcode 3.2";
			developmentRegion = English;
			hasScannedForEncodings = 0;
			knownRegions = (
				en,
				Base,
			);
			mainGroup = 1241C6DC1EB8641A0039D6B1;
			productRefGroup = 1241C6E61EB8641A0039D6B1 /* Products */;
			projectDirPath = "";
			projectRoot = "";
			targets = (
				1241C6E41EB8641A0039D6B1 /* Vchat */,
				1241C6F81EB8641B0039D6B1 /* VchatTests */,
				1241C7031EB8641B0039D6B1 /* VchatUITests */,
			);
		};
/* End PBXProject section */

/* Begin PBXResourcesBuildPhase section */
		1241C6E31EB8641A0039D6B1 /* Resources */ = {
			isa = PBXResourcesBuildPhase;
			buildActionMask = 2147483647;
			files = (
				1241C6F31EB8641B0039D6B1 /* LaunchScreen.storyboard in Resources */,
				1241C6F01EB8641B0039D6B1 /* Assets.xcassets in Resources */,
				1241C6EE1EB8641B0039D6B1 /* Main.storyboard in Resources */,
			);
			runOnlyForDeploymentPostprocessing = 0;
		};
		1241C6F71EB8641B0039D6B1 /* Resources */ = {
			isa = PBXResourcesBuildPhase;
			buildActionMask = 2147483647;
			files = (
			);
			runOnlyForDeploymentPostprocessing = 0;
		};
		1241C7021EB8641B0039D6B1 /* Resources */ = {
			isa = PBXResourcesBuildPhase;
			buildActionMask = 2147483647;
			files = (
			);
			runOnlyForDeploymentPostprocessing = 0;
		};
/* End PBXResourcesBuildPhase section */

/* Begin PBXSourcesBuildPhase section */
		1241C6E11EB8641A0039D6B1 /* Sources */ = {
			isa = PBXSourcesBuildPhase;
			buildActionMask = 2147483647;
			files = (
				1241C6EB1EB8641A0039D6B1 /* ViewController.swift in Sources */,
				1241C6E91EB8641A0039D6B1 /* AppDelegate.swift in Sources */,
			);
			runOnlyForDeploymentPostprocessing = 0;
		};
		1241C6F51EB8641B0039D6B1 /* Sources */ = {
			isa = PBXSourcesBuildPhase;
			buildActionMask = 2147483647;
			files = (
				1241C6FE1EB8641B0039D6B1 /* VchatTests.swift in Sources */,
			);
			runOnlyForDeploymentPostprocessing = 0;
		};
		1241C7001EB8641B0039D6B1 /* Sources */ = {
			isa = PBXSourcesBuildPhase;
			buildActionMask = 2147483647;
			files = (
				1241C7091EB8641B0039D6B1 /* VchatUITests.swift in Sources */,
			);
			runOnlyForDeploymentPostprocessing = 0;
		};
/* End PBXSourcesBuildPhase section */

/* Begin PBXTargetDependency section */
		1241C6FB1EB8641B0039D6B1 /* PBXTargetDependency */ = {
			isa = PBXTargetDependency;
			target = 1241C6E41EB8641A0039D6B1 /* Vchat */;
			targetProxy = 1241C6FA1EB8641B0039D6B1 /* PBXContainerItemProxy */;
		};
		1241C7061EB8641B0039D6B1 /* PBXTargetDependency */ = {
			isa = PBXTargetDependency;
			target = 1241C6E41EB8641A0039D6B1 /* Vchat */;
			targetProxy = 1241C7051EB8641B0039D6B1 /* PBXContainerItemProxy */;
		};
/* End PBXTargetDependency section */

/* Begin PBXVariantGroup section */
		1241C6EC1EB8641B0039D6B1 /* Main.storyboard */ = {
			isa = PBXVariantGroup;
			children = (
				1241C6ED1EB8641B0039D6B1 /* Base */,
			);
			name = Main.storyboard;
			sourceTree = "<group>";
		};
		1241C6F11EB8641B0039D6B1 /* LaunchScreen.storyboard */ = {
			isa = PBXVariantGroup;
			children = (
				1241C6F21EB8641B0039D6B1 /* Base */,
			);
			name = LaunchScreen.storyboard;
			sourceTree = "<group>";
		};
/* End PBXVariantGroup section */

/* Begin XCBuildConfiguration section */
		1241C70B1EB8641B0039D6B1 /* Debug */ = {
			isa = XCBuildConfiguration;
			buildSettings = {
				ALWAYS_SEARCH_USER_PATHS = NO;
				CLANG_ANALYZER_NONNULL = YES;
				CLANG_ANALYZER_NUMBER_OBJECT_CONVERSION = YES_AGGRESSIVE;
				CLANG_CXX_LANGUAGE_STANDARD = "gnu++0x";
				CLANG_CXX_LIBRARY = "libc++";
				CLANG_ENABLE_MODULES = YES;
				CLANG_ENABLE_OBJC_ARC = YES;
				CLANG_WARN_BOOL_CONVERSION = YES;
				CLANG_WARN_CONSTANT_CONVERSION = YES;
				CLANG_WARN_DIRECT_OBJC_ISA_USAGE = YES_ERROR;
				CLANG_WARN_DOCUMENTATION_COMMENTS = YES;
				CLANG_WARN_EMPTY_BODY = YES;
				CLANG_WARN_ENUM_CONVERSION = YES;
				CLANG_WARN_INFINITE_RECURSION = YES;
				CLANG_WARN_INT_CONVERSION = YES;
				CLANG_WARN_OBJC_ROOT_CLASS = YES_ERROR;
				CLANG_WARN_SUSPICIOUS_MOVE = YES;
				CLANG_WARN_UNREACHABLE_CODE = YES;
				CLANG_WARN__DUPLICATE_METHOD_MATCH = YES;
				"CODE_SIGN_IDENTITY[sdk=iphoneos*]" = "iPhone Developer";
				COPY_PHASE_STRIP = NO;
				DEBUG_INFORMATION_FORMAT = dwarf;
				ENABLE_STRICT_OBJC_MSGSEND = YES;
				ENABLE_TESTABILITY = YES;
				GCC_C_LANGUAGE_STANDARD = gnu99;
				GCC_DYNAMIC_NO_PIC = NO;
				GCC_NO_COMMON_BLOCKS = YES;
				GCC_OPTIMIZATION_LEVEL = 0;
				GCC_PREPROCESSOR_DEFINITIONS = (
					"DEBUG=1",
					"$(inherited)",
				);
				GCC_WARN_64_TO_32_BIT_CONVERSION = YES;
				GCC_WARN_ABOUT_RETURN_TYPE = YES_ERROR;
				GCC_WARN_UNDECLARED_SELECTOR = YES;
				GCC_WARN_UNINITIALIZED_AUTOS = YES_AGGRESSIVE;
				GCC_WARN_UNUSED_FUNCTION = YES;
				GCC_WARN_UNUSED_VARIABLE = YES;
				IPHONEOS_DEPLOYMENT_TARGET = 10.3;
				MTL_ENABLE_DEBUG_INFO = YES;
				ONLY_ACTIVE_ARCH = YES;
				SDKROOT = iphoneos;
				SWIFT_ACTIVE_COMPILATION_CONDITIONS = DEBUG;
				SWIFT_OPTIMIZATION_LEVEL = "-Onone";
				TARGETED_DEVICE_FAMILY = "1,2";
			};
			name = Debug;
		};
		1241C70C1EB8641B0039D6B1 /* Release */ = {
			isa = XCBuildConfiguration;
			buildSettings = {
				ALWAYS_SEARCH_USER_PATHS = NO;
				CLANG_ANALYZER_NONNULL = YES;
				CLANG_ANALYZER_NUMBER_OBJECT_CONVERSION = YES_AGGRESSIVE;
				CLANG_CXX_LANGUAGE_STANDARD = "gnu++0x";
				CLANG_CXX_LIBRARY = "libc++";
				CLANG_ENABLE_MODULES = YES;
				CLANG_ENABLE_OBJC_ARC = YES;
				CLANG_WARN_BOOL_CONVERSION = YES;
				CLANG_WARN_CONSTANT_CONVERSION = YES;
				CLANG_WARN_DIRECT_OBJC_ISA_USAGE = YES_ERROR;
				CLANG_WARN_DOCUMENTATION_COMMENTS = YES;
				CLANG_WARN_EMPTY_BODY = YES;
				CLANG_WARN_ENUM_CONVERSION = YES;
				CLANG_WARN_INFINITE_RECURSION = YES;
				CLANG_WARN_INT_CONVERSION = YES;
				CLANG_WARN_OBJC_ROOT_CLASS = YES_ERROR;
				CLANG_WARN_SUSPICIOUS_MOVE = YES;
				CLANG_WARN_UNREACHABLE_CODE = YES;
				CLANG_WARN__DUPLICATE_METHOD_MATCH = YES;
				"CODE_SIGN_IDENTITY[sdk=iphoneos*]" = "iPhone Developer";
				COPY_PHASE_STRIP = NO;
				DEBUG_INFORMATION_FORMAT = "dwarf-with-dsym";
				ENABLE_NS_ASSERTIONS = NO;
				ENABLE_STRICT_OBJC_MSGSEND = YES;
				GCC_C_LANGUAGE_STANDARD = gnu99;
				GCC_NO_COMMON_BLOCKS = YES;
				GCC_WARN_64_TO_32_BIT_CONVERSION = YES;
				GCC_WARN_ABOUT_RETURN_TYPE = YES_ERROR;
				GCC_WARN_UNDECLARED_SELECTOR = YES;
				GCC_WARN_UNINITIALIZED_AUTOS = YES_AGGRESSIVE;
				GCC_WARN_UNUSED_FUNCTION = YES;
				GCC_WARN_UNUSED_VARIABLE = YES;
				IPHONEOS_DEPLOYMENT_TARGET = 10.3;
				MTL_ENABLE_DEBUG_INFO = NO;
				SDKROOT = iphoneos;
				SWIFT_OPTIMIZATION_LEVEL = "-Owholemodule";
				TARGETED_DEVICE_FAMILY = "1,2";
				VALIDATE_PRODUCT = YES;
			};
			name = Release;
		};
		1241C70E1EB8641B0039D6B1 /* Debug */ = {
			isa = XCBuildConfiguration;
			buildSettings = {
				ASSETCATALOG_COMPILER_APPICON_NAME = AppIcon;
				DEVELOPMENT_TEAM = KH88SR99FT;
				INFOPLIST_FILE = Vchat/Info.plist;
				LD_RUNPATH_SEARCH_PATHS = "$(inherited) @executable_path/Frameworks";
				PRODUCT_BUNDLE_IDENTIFIER = com.Vchat;
				PRODUCT_NAME = "$(TARGET_NAME)";
				SWIFT_VERSION = 3.0;
			};
			name = Debug;
		};
		1241C70F1EB8641B0039D6B1 /* Release */ = {
			isa = XCBuildConfiguration;
			buildSettings = {
				ASSETCATALOG_COMPILER_APPICON_NAME = AppIcon;
				DEVELOPMENT_TEAM = KH88SR99FT;
				INFOPLIST_FILE = Vchat/Info.plist;
				LD_RUNPATH_SEARCH_PATHS = "$(inherited) @executable_path/Frameworks";
				PRODUCT_BUNDLE_IDENTIFIER = com.Vchat;
				PRODUCT_NAME = "$(TARGET_NAME)";
				SWIFT_VERSION = 3.0;
			};
			name = Release;
		};
		1241C7111EB8641B0039D6B1 /* Debug */ = {
			isa = XCBuildConfiguration;
			buildSettings = {
				ALWAYS_EMBED_SWIFT_STANDARD_LIBRARIES = YES;
				BUNDLE_LOADER = "$(TEST_HOST)";
				DEVELOPMENT_TEAM = KH88SR99FT;
				INFOPLIST_FILE = VchatTests/Info.plist;
				LD_RUNPATH_SEARCH_PATHS = "$(inherited) @executable_path/Frameworks @loader_path/Frameworks";
				PRODUCT_BUNDLE_IDENTIFIER = com.VchatTests;
				PRODUCT_NAME = "$(TARGET_NAME)";
				SWIFT_VERSION = 3.0;
				TEST_HOST = "$(BUILT_PRODUCTS_DIR)/Vchat.app/Vchat";
			};
			name = Debug;
		};
		1241C7121EB8641B0039D6B1 /* Release */ = {
			isa = XCBuildConfiguration;
			buildSettings = {
				ALWAYS_EMBED_SWIFT_STANDARD_LIBRARIES = YES;
				BUNDLE_LOADER = "$(TEST_HOST)";
				DEVELOPMENT_TEAM = KH88SR99FT;
				INFOPLIST_FILE = VchatTests/Info.plist;
				LD_RUNPATH_SEARCH_PATHS = "$(inherited) @executable_path/Frameworks @loader_path/Frameworks";
				PRODUCT_BUNDLE_IDENTIFIER = com.VchatTests;
				PRODUCT_NAME = "$(TARGET_NAME)";
				SWIFT_VERSION = 3.0;
				TEST_HOST = "$(BUILT_PRODUCTS_DIR)/Vchat.app/Vchat";
			};
			name = Release;
		};
		1241C7141EB8641B0039D6B1 /* Debug */ = {
			isa = XCBuildConfiguration;
			buildSettings = {
				ALWAYS_EMBED_SWIFT_STANDARD_LIBRARIES = YES;
				DEVELOPMENT_TEAM = KH88SR99FT;
				INFOPLIST_FILE = VchatUITests/Info.plist;
				LD_RUNPATH_SEARCH_PATHS = "$(inherited) @executable_path/Frameworks @loader_path/Frameworks";
				PRODUCT_BUNDLE_IDENTIFIER = com.VchatUITests;
				PRODUCT_NAME = "$(TARGET_NAME)";
				SWIFT_VERSION = 3.0;
				TEST_TARGET_NAME = Vchat;
			};
			name = Debug;
		};
		1241C7151EB8641B0039D6B1 /* Release */ = {
			isa = XCBuildConfiguration;
			buildSettings = {
				ALWAYS_EMBED_SWIFT_STANDARD_LIBRARIES = YES;
				DEVELOPMENT_TEAM = KH88SR99FT;
				INFOPLIST_FILE = VchatUITests/Info.plist;
				LD_RUNPATH_SEARCH_PATHS = "$(inherited) @executable_path/Frameworks @loader_path/Frameworks";
				PRODUCT_BUNDLE_IDENTIFIER = com.VchatUITests;
				PRODUCT_NAME = "$(TARGET_NAME)";
				SWIFT_VERSION = 3.0;
				TEST_TARGET_NAME = Vchat;
			};
			name = Release;
		};
/* End XCBuildConfiguration section */

/* Begin XCConfigurationList section */
		1241C6E01EB8641A0039D6B1 /* Build configuration list for PBXProject "Vchat" */ = {
			isa = XCConfigurationList;
			buildConfigurations = (
				1241C70B1EB8641B0039D6B1 /* Debug */,
				1241C70C1EB8641B0039D6B1 /* Release */,
			);
			defaultConfigurationIsVisible = 0;
			defaultConfigurationName = Release;
		};
		1241C70D1EB8641B0039D6B1 /* Build configuration list for PBXNativeTarget "Vchat" */ = {
			isa = XCConfigurationList;
			buildConfigurations = (
				1241C70E1EB8641B0039D6B1 /* Debug */,
				1241C70F1EB8641B0039D6B1 /* Release */,
			);
			defaultConfigurationIsVisible = 0;
		};
		1241C7101EB8641B0039D6B1 /* Build configuration list for PBXNativeTarget "VchatTests" */ = {
			isa = XCConfigurationList;
			buildConfigurations = (
				1241C7111EB8641B0039D6B1 /* Debug */,
				1241C7121EB8641B0039D6B1 /* Release */,
			);
			defaultConfigurationIsVisible = 0;
		};
		1241C7131EB8641B0039D6B1 /* Build configuration list for PBXNativeTarget "VchatUITests" */ = {
			isa = XCConfigurationList;
			buildConfigurations = (
				1241C7141EB8641B0039D6B1 /* Debug */,
				1241C7151EB8641B0039D6B1 /* Release */,
			);
			defaultConfigurationIsVisible = 0;
		};
/* End XCConfigurationList section */
	};
	rootObject = 1241C6DD1EB8641A0039D6B1 /* Project object */;
}
